
Microsoft Visual Studio Solution File, Format Version 10.00
# Visual Studio 2008
Project("{8BC9CEB8-8B4A-11D0-8D11-00A0C91BC942}") = "debugString", "debugString\debugString.vcproj", "{CC78618F-AFBC-4AC1-A2F1-683A4560E515}"
EndProject
Global
	GlobalSection(SolutionConfigurationPlatforms) = preSolution
		Debug|Win32 = Debug|Win32
		Release|Win32 = Release|Win32
	EndGlobalSection
	GlobalSection(ProjectConfigurationPlatforms) = postSolution
		{CC78618F-AFBC-4AC1-A2F1-683A4560E515}.Debug|Win32.ActiveCfg = Debug|Win32
		{CC78618F-AFBC-4AC1-A2F1-683A4560E515}.Debug|Win32.Build.0 = Debug|Win32
		{CC78618F-AFBC-4AC1-A2F1-683A4560E515}.Release|Win32.ActiveCfg = Release|Win32
		{CC78618F-AFBC-4AC1-A2F1-683A4560E515}.Release|Win32.Build.0 = Release|Win32
	EndGlobalSection
	GlobalSection(SolutionProperties) = preSolution
		HideSolutionNode = FALSE
	EndGlobalSection
EndGlobal
