
Microsoft Visual Studio Solution File, Format Version 9.00
# Visual Studio 2005
Project("{FAE04EC0-301F-11D3-BF4B-00C04F79EFBC}") = "Simulator104", "Simulator104\Simulator104.csproj", "{23549D2A-5794-4E89-BF72-71C003B56B42}"
EndProject
Project("{8BC9CEB8-8B4A-11D0-8D11-00A0C91BC942}") = "myTestDll", "myTestDll\myTestDll.vcproj", "{C00D2DFE-D3A3-4E89-8643-F7CE984FE8EB}"
EndProject
Project("{8BC9CEB8-8B4A-11D0-8D11-00A0C91BC942}") = "Iec104Lib", "IecL04Lib\Iec104Lib.vcproj", "{CD03C8D2-5928-4ED4-BF31-84ED8A49C923}"
EndProject
Global
	GlobalSection(SolutionConfigurationPlatforms) = preSolution
		Debug|Any CPU = Debug|Any CPU
		Debug|Mixed Platforms = Debug|Mixed Platforms
		Debug|Win32 = Debug|Win32
		Release|Any CPU = Release|Any CPU
		Release|Mixed Platforms = Release|Mixed Platforms
		Release|Win32 = Release|Win32
	EndGlobalSection
	GlobalSection(ProjectConfigurationPlatforms) = postSolution
		{23549D2A-5794-4E89-BF72-71C003B56B42}.Debug|Any CPU.ActiveCfg = Debug|Any CPU
		{23549D2A-5794-4E89-BF72-71C003B56B42}.Debug|Any CPU.Build.0 = Debug|Any CPU
		{23549D2A-5794-4E89-BF72-71C003B56B42}.Debug|Mixed Platforms.ActiveCfg = Debug|Any CPU
		{23549D2A-5794-4E89-BF72-71C003B56B42}.Debug|Mixed Platforms.Build.0 = Debug|Any CPU
		{23549D2A-5794-4E89-BF72-71C003B56B42}.Debug|Win32.ActiveCfg = Debug|Any CPU
		{23549D2A-5794-4E89-BF72-71C003B56B42}.Release|Any CPU.ActiveCfg = Release|Any CPU
		{23549D2A-5794-4E89-BF72-71C003B56B42}.Release|Any CPU.Build.0 = Release|Any CPU
		{23549D2A-5794-4E89-BF72-71C003B56B42}.Release|Mixed Platforms.ActiveCfg = Release|Any CPU
		{23549D2A-5794-4E89-BF72-71C003B56B42}.Release|Mixed Platforms.Build.0 = Release|Any CPU
		{23549D2A-5794-4E89-BF72-71C003B56B42}.Release|Win32.ActiveCfg = Release|Any CPU
		{C00D2DFE-D3A3-4E89-8643-F7CE984FE8EB}.Debug|Any CPU.ActiveCfg = Debug|Win32
		{C00D2DFE-D3A3-4E89-8643-F7CE984FE8EB}.Debug|Mixed Platforms.ActiveCfg = Debug|Win32
		{C00D2DFE-D3A3-4E89-8643-F7CE984FE8EB}.Debug|Mixed Platforms.Build.0 = Debug|Win32
		{C00D2DFE-D3A3-4E89-8643-F7CE984FE8EB}.Debug|Win32.ActiveCfg = Debug|Win32
		{C00D2DFE-D3A3-4E89-8643-F7CE984FE8EB}.Debug|Win32.Build.0 = Debug|Win32
		{C00D2DFE-D3A3-4E89-8643-F7CE984FE8EB}.Release|Any CPU.ActiveCfg = Release|Win32
		{C00D2DFE-D3A3-4E89-8643-F7CE984FE8EB}.Release|Mixed Platforms.ActiveCfg = Release|Win32
		{C00D2DFE-D3A3-4E89-8643-F7CE984FE8EB}.Release|Mixed Platforms.Build.0 = Release|Win32
		{C00D2DFE-D3A3-4E89-8643-F7CE984FE8EB}.Release|Win32.ActiveCfg = Release|Win32
		{C00D2DFE-D3A3-4E89-8643-F7CE984FE8EB}.Release|Win32.Build.0 = Release|Win32
		{CD03C8D2-5928-4ED4-BF31-84ED8A49C923}.Debug|Any CPU.ActiveCfg = Debug|Win32
		{CD03C8D2-5928-4ED4-BF31-84ED8A49C923}.Debug|Mixed Platforms.ActiveCfg = Debug|Win32
		{CD03C8D2-5928-4ED4-BF31-84ED8A49C923}.Debug|Mixed Platforms.Build.0 = Debug|Win32
		{CD03C8D2-5928-4ED4-BF31-84ED8A49C923}.Debug|Win32.ActiveCfg = Debug|Win32
		{CD03C8D2-5928-4ED4-BF31-84ED8A49C923}.Debug|Win32.Build.0 = Debug|Win32
		{CD03C8D2-5928-4ED4-BF31-84ED8A49C923}.Release|Any CPU.ActiveCfg = Release|Win32
		{CD03C8D2-5928-4ED4-BF31-84ED8A49C923}.Release|Mixed Platforms.ActiveCfg = Release|Win32
		{CD03C8D2-5928-4ED4-BF31-84ED8A49C923}.Release|Mixed Platforms.Build.0 = Release|Win32
		{CD03C8D2-5928-4ED4-BF31-84ED8A49C923}.Release|Win32.ActiveCfg = Release|Win32
		{CD03C8D2-5928-4ED4-BF31-84ED8A49C923}.Release|Win32.Build.0 = Release|Win32
	EndGlobalSection
	GlobalSection(SolutionProperties) = preSolution
		HideSolutionNode = FALSE
	EndGlobalSection
EndGlobal
