
Microsoft Visual Studio Solution File, Format Version 10.00
# Visual Studio 2008
Project("{8BC9CEB8-8B4A-11D0-8D11-00A0C91BC942}") = "main", "main.vcproj", "{77650CDE-6B02-4E51-AAD7-A6D43ABECFA6}"
EndProject
Global
	GlobalSection(SolutionConfigurationPlatforms) = preSolution
		Debug|Win32 = Debug|Win32
		Release|Win32 = Release|Win32
	EndGlobalSection
	GlobalSection(ProjectConfigurationPlatforms) = postSolution
		{77650CDE-6B02-4E51-AAD7-A6D43ABECFA6}.Debug|Win32.ActiveCfg = Debug|Win32
		{77650CDE-6B02-4E51-AAD7-A6D43ABECFA6}.Debug|Win32.Build.0 = Debug|Win32
		{77650CDE-6B02-4E51-AAD7-A6D43ABECFA6}.Release|Win32.ActiveCfg = Release|Win32
		{77650CDE-6B02-4E51-AAD7-A6D43ABECFA6}.Release|Win32.Build.0 = Release|Win32
	EndGlobalSection
	GlobalSection(SolutionProperties) = preSolution
		HideSolutionNode = FALSE
	EndGlobalSection
EndGlobal
